
Microsoft Visual Studio Solution File, Format Version 12.00
# Visual Studio Version 16
VisualStudioVersion = 16.0.29318.209
MinimumVisualStudioVersion = 10.0.40219.1
Project("{9A19103F-16F7-4668-BE54-9A1E7A4F7556}") = "Dynoproxy", "Dynoproxy\Dynoproxy.csproj", "{D94D196D-81D4-4A52-9621-629CE23A81FA}"
EndProject
Project("{9A19103F-16F7-4668-BE54-9A1E7A4F7556}") = "Dynoproxy.Tests", "Dynoproxy.Tests\Dynoproxy.Tests.csproj", "{13837644-1E2B-4D63-8A81-7F739952BBF5}"
EndProject
Global
	GlobalSection(SolutionConfigurationPlatforms) = preSolution
		Debug|Any CPU = Debug|Any CPU
		Release|Any CPU = Release|Any CPU
	EndGlobalSection
	GlobalSection(ProjectConfigurationPlatforms) = postSolution
		{D94D196D-81D4-4A52-9621-629CE23A81FA}.Debug|Any CPU.ActiveCfg = Debug|Any CPU
		{D94D196D-81D4-4A52-9621-629CE23A81FA}.Debug|Any CPU.Build.0 = Debug|Any CPU
		{D94D196D-81D4-4A52-9621-629CE23A81FA}.Release|Any CPU.ActiveCfg = Release|Any CPU
		{D94D196D-81D4-4A52-9621-629CE23A81FA}.Release|Any CPU.Build.0 = Release|Any CPU
		{13837644-1E2B-4D63-8A81-7F739952BBF5}.Debug|Any CPU.ActiveCfg = Debug|Any CPU
		{13837644-1E2B-4D63-8A81-7F739952BBF5}.Debug|Any CPU.Build.0 = Debug|Any CPU
		{13837644-1E2B-4D63-8A81-7F739952BBF5}.Release|Any CPU.ActiveCfg = Release|Any CPU
		{13837644-1E2B-4D63-8A81-7F739952BBF5}.Release|Any CPU.Build.0 = Release|Any CPU
	EndGlobalSection
	GlobalSection(SolutionProperties) = preSolution
		HideSolutionNode = FALSE
	EndGlobalSection
	GlobalSection(ExtensibilityGlobals) = postSolution
		SolutionGuid = {F2A07932-DA70-4B9F-BE72-1E0E3E2110D4}
	EndGlobalSection
EndGlobal
